// !$*UTF8*$!
{
	archiveVersion = 1;
	classes = {
	};
	objectVersion = 50;
	objects = {

/* Begin PBXBuildFile section */
		20E76BD62762429E009F029F /* SinauSwiftYuAiApp.swift in Sources */ = {isa = PBXBuildFile; fileRef = 20E76BD52762429E009F029F /* SinauSwiftYuAiApp.swift */; };
		20E76BD82762429E009F029F /* ContentView.swift in Sources */ = {isa = PBXBuildFile; fileRef = 20E76BD72762429E009F029F /* ContentView.swift */; };
		20E76BDA276242A0009F029F /* Assets.xcassets in Resources */ = {isa = PBXBuildFile; fileRef = 20E76BD9276242A0009F029F /* Assets.xcassets */; };
		20E76BDD276242A0009F029F /* Preview Assets.xcassets in Resources */ = {isa = PBXBuildFile; fileRef = 20E76BDC276242A0009F029F /* Preview Assets.xcassets */; };
		20E76BE8276242A1009F029F /* SinauSwiftYuAiTests.swift in Sources */ = {isa = PBXBuildFile; fileRef = 20E76BE7276242A1009F029F /* SinauSwiftYuAiTests.swift */; };
		20E76BF3276242A1009F029F /* SinauSwiftYuAiUITests.swift in Sources */ = {isa = PBXBuildFile; fileRef = 20E76BF2276242A1009F029F /* SinauSwiftYuAiUITests.swift */; };
/* End PBXBuildFile section */

/* Begin PBXContainerItemProxy section */
		20E76BE4276242A1009F029F /* PBXContainerItemProxy */ = {
			isa = PBXContainerItemProxy;
			containerPortal = 20E76BCA2762429E009F029F /* Project object */;
			proxyType = 1;
			remoteGlobalIDString = 20E76BD12762429E009F029F;
			remoteInfo = SinauSwiftYuAi;
		};
		20E76BEF276242A1009F029F /* PBXContainerItemProxy */ = {
			isa = PBXContainerItemProxy;
			containerPortal = 20E76BCA2762429E009F029F /* Project object */;
			proxyType = 1;
			remoteGlobalIDString = 20E76BD12762429E009F029F;
			remoteInfo = SinauSwiftYuAi;
		};
/* End PBXContainerItemProxy section */

/* Begin PBXFileReference section */
		20E76BD22762429E009F029F /* SinauSwiftYuAi.app */ = {isa = PBXFileReference; explicitFileType = wrapper.application; includeInIndex = 0; path = SinauSwiftYuAi.app; sourceTree = BUILT_PRODUCTS_DIR; };
		20E76BD52762429E009F029F /* SinauSwiftYuAiApp.swift */ = {isa = PBXFileReference; lastKnownFileType = sourcecode.swift; path = SinauSwiftYuAiApp.swift; sourceTree = "<group>"; };
		20E76BD72762429E009F029F /* ContentView.swift */ = {isa = PBXFileReference; lastKnownFileType = sourcecode.swift; path = ContentView.swift; sourceTree = "<group>"; };
		20E76BD9276242A0009F029F /* Assets.xcassets */ = {isa = PBXFileReference; lastKnownFileType = folder.assetcatalog; path = Assets.xcassets; sourceTree = "<group>"; };
		20E76BDC276242A0009F029F /* Preview Assets.xcassets */ = {isa = PBXFileReference; lastKnownFileType = folder.assetcatalog; path = "Preview Assets.xcassets"; sourceTree = "<group>"; };
		20E76BDE276242A0009F029F /* Info.plist */ = {isa = PBXFileReference; lastKnownFileType = text.plist.xml; path = Info.plist; sourceTree = "<group>"; };
		20E76BE3276242A1009F029F /* SinauSwiftYuAiTests.xctest */ = {isa = PBXFileReference; explicitFileType = wrapper.cfbundle; includeInIndex = 0; path = SinauSwiftYuAiTests.xctest; sourceTree = BUILT_PRODUCTS_DIR; };
		20E76BE7276242A1009F029F /* SinauSwiftYuAiTests.swift */ = {isa = PBXFileReference; lastKnownFileType = sourcecode.swift; path = SinauSwiftYuAiTests.swift; sourceTree = "<group>"; };
		20E76BE9276242A1009F029F /* Info.plist */ = {isa = PBXFileReference; lastKnownFileType = text.plist.xml; path = Info.plist; sourceTree = "<group>"; };
		20E76BEE276242A1009F029F /* SinauSwiftYuAiUITests.xctest */ = {isa = PBXFileReference; explicitFileType = wrapper.cfbundle; includeInIndex = 0; path = SinauSwiftYuAiUITests.xctest; sourceTree = BUILT_PRODUCTS_DIR; };
		20E76BF2276242A1009F029F /* SinauSwiftYuAiUITests.swift */ = {isa = PBXFileReference; lastKnownFileType = sourcecode.swift; path = SinauSwiftYuAiUITests.swift; sourceTree = "<group>"; };
		20E76BF4276242A1009F029F /* Info.plist */ = {isa = PBXFileReference; lastKnownFileType = text.plist.xml; path = Info.plist; sourceTree = "<group>"; };
/* End PBXFileReference section */

/* Begin PBXFrameworksBuildPhase section */
		20E76BCF2762429E009F029F /* Frameworks */ = {
			isa = PBXFrameworksBuildPhase;
			buildActionMask = 2147483647;
			files = (
			);
			runOnlyForDeploymentPostprocessing = 0;
		};
		20E76BE0276242A1009F029F /* Frameworks */ = {
			isa = PBXFrameworksBuildPhase;
			buildActionMask = 2147483647;
			files = (
			);
			runOnlyForDeploymentPostprocessing = 0;
		};
		20E76BEB276242A1009F029F /* Frameworks */ = {
			isa = PBXFrameworksBuildPhase;
			buildActionMask = 2147483647;
			files = (
			);
			runOnlyForDeploymentPostprocessing = 0;
		};
/* End PBXFrameworksBuildPhase section */

/* Begin PBXGroup section */
		20E76BC92762429E009F029F = {
			isa = PBXGroup;
			children = (
				20E76BD42762429E009F029F /* SinauSwiftYuAi */,
				20E76BE6276242A1009F029F /* SinauSwiftYuAiTests */,
				20E76BF1276242A1009F029F /* SinauSwiftYuAiUITests */,
				20E76BD32762429E009F029F /* Products */,
			);
			sourceTree = "<group>";
		};
		20E76BD32762429E009F029F /* Products */ = {
			isa = PBXGroup;
			children = (
				20E76BD22762429E009F029F /* SinauSwiftYuAi.app */,
				20E76BE3276242A1009F029F /* SinauSwiftYuAiTests.xctest */,
				20E76BEE276242A1009F029F /* SinauSwiftYuAiUITests.xctest */,
			);
			name = Products;
			sourceTree = "<group>";
		};
		20E76BD42762429E009F029F /* SinauSwiftYuAi */ = {
			isa = PBXGroup;
			children = (
				20E76BD52762429E009F029F /* SinauSwiftYuAiApp.swift */,
				20E76BD72762429E009F029F /* ContentView.swift */,
				20E76BD9276242A0009F029F /* Assets.xcassets */,
				20E76BDE276242A0009F029F /* Info.plist */,
				20E76BDB276242A0009F029F /* Preview Content */,
			);
			path = SinauSwiftYuAi;
			sourceTree = "<group>";
		};
		20E76BDB276242A0009F029F /* Preview Content */ = {
			isa = PBXGroup;
			children = (
				20E76BDC276242A0009F029F /* Preview Assets.xcassets */,
			);
			path = "Preview Content";
			sourceTree = "<group>";
		};
		20E76BE6276242A1009F029F /* SinauSwiftYuAiTests */ = {
			isa = PBXGroup;
			children = (
				20E76BE7276242A1009F029F /* SinauSwiftYuAiTests.swift */,
				20E76BE9276242A1009F029F /* Info.plist */,
			);
			path = SinauSwiftYuAiTests;
			sourceTree = "<group>";
		};
		20E76BF1276242A1009F029F /* SinauSwiftYuAiUITests */ = {
			isa = PBXGroup;
			children = (
				20E76BF2276242A1009F029F /* SinauSwiftYuAiUITests.swift */,
				20E76BF4276242A1009F029F /* Info.plist */,
			);
			path = SinauSwiftYuAiUITests;
			sourceTree = "<group>";
		};
/* End PBXGroup section */

/* Begin PBXNativeTarget section */
		20E76BD12762429E009F029F /* SinauSwiftYuAi */ = {
			isa = PBXNativeTarget;
			buildConfigurationList = 20E76BF7276242A1009F029F /* Build configuration list for PBXNativeTarget "SinauSwiftYuAi" */;
			buildPhases = (
				20E76BCE2762429E009F029F /* Sources */,
				20E76BCF2762429E009F029F /* Frameworks */,
				20E76BD02762429E009F029F /* Resources */,
			);
			buildRules = (
			);
			dependencies = (
			);
			name = SinauSwiftYuAi;
			productName = SinauSwiftYuAi;
			productReference = 20E76BD22762429E009F029F /* SinauSwiftYuAi.app */;
			productType = "com.apple.product-type.application";
		};
		20E76BE2276242A1009F029F /* SinauSwiftYuAiTests */ = {
			isa = PBXNativeTarget;
			buildConfigurationList = 20E76BFA276242A1009F029F /* Build configuration list for PBXNativeTarget "SinauSwiftYuAiTests" */;
			buildPhases = (
				20E76BDF276242A1009F029F /* Sources */,
				20E76BE0276242A1009F029F /* Frameworks */,
				20E76BE1276242A1009F029F /* Resources */,
			);
			buildRules = (
			);
			dependencies = (
				20E76BE5276242A1009F029F /* PBXTargetDependency */,
			);
			name = SinauSwiftYuAiTests;
			productName = SinauSwiftYuAiTests;
			productReference = 20E76BE3276242A1009F029F /* SinauSwiftYuAiTests.xctest */;
			productType = "com.apple.product-type.bundle.unit-test";
		};
		20E76BED276242A1009F029F /* SinauSwiftYuAiUITests */ = {
			isa = PBXNativeTarget;
			buildConfigurationList = 20E76BFD276242A1009F029F /* Build configuration list for PBXNativeTarget "SinauSwiftYuAiUITests" */;
			buildPhases = (
				20E76BEA276242A1009F029F /* Sources */,
				20E76BEB276242A1009F029F /* Frameworks */,
				20E76BEC276242A1009F029F /* Resources */,
			);
			buildRules = (
			);
			dependencies = (
				20E76BF0276242A1009F029F /* PBXTargetDependency */,
			);
			name = SinauSwiftYuAiUITests;
			productName = SinauSwiftYuAiUITests;
			productReference = 20E76BEE276242A1009F029F /* SinauSwiftYuAiUITests.xctest */;
			productType = "com.apple.product-type.bundle.ui-testing";
		};
/* End PBXNativeTarget section */

/* Begin PBXProject section */
		20E76BCA2762429E009F029F /* Project object */ = {
			isa = PBXProject;
			attributes = {
				LastSwiftUpdateCheck = 1250;
				LastUpgradeCheck = 1250;
				TargetAttributes = {
					20E76BD12762429E009F029F = {
						CreatedOnToolsVersion = 12.5.1;
					};
					20E76BE2276242A1009F029F = {
						CreatedOnToolsVersion = 12.5.1;
						TestTargetID = 20E76BD12762429E009F029F;
					};
					20E76BED276242A1009F029F = {
						CreatedOnToolsVersion = 12.5.1;
						TestTargetID = 20E76BD12762429E009F029F;
					};
				};
			};
			buildConfigurationList = 20E76BCD2762429E009F029F /* Build configuration list for PBXProject "SinauSwiftYuAi" */;
			compatibilityVersion = "Xcode 9.3";
			developmentRegion = en;
			hasScannedForEncodings = 0;
			knownRegions = (
				en,
				Base,
			);
			mainGroup = 20E76BC92762429E009F029F;
			productRefGroup = 20E76BD32762429E009F029F /* Products */;
			projectDirPath = "";
			projectRoot = "";
			targets = (
				20E76BD12762429E009F029F /* SinauSwiftYuAi */,
				20E76BE2276242A1009F029F /* SinauSwiftYuAiTests */,
				20E76BED276242A1009F029F /* SinauSwiftYuAiUITests */,
			);
		};
/* End PBXProject section */

/* Begin PBXResourcesBuildPhase section */
		20E76BD02762429E009F029F /* Resources */ = {
			isa = PBXResourcesBuildPhase;
			buildActionMask = 2147483647;
			files = (
				20E76BDD276242A0009F029F /* Preview Assets.xcassets in Resources */,
				20E76BDA276242A0009F029F /* Assets.xcassets in Resources */,
			);
			runOnlyForDeploymentPostprocessing = 0;
		};
		20E76BE1276242A1009F029F /* Resources */ = {
			isa = PBXResourcesBuildPhase;
			buildActionMask = 2147483647;
			files = (
			);
			runOnlyForDeploymentPostprocessing = 0;
		};
		20E76BEC276242A1009F029F /* Resources */ = {
			isa = PBXResourcesBuildPhase;
			buildActionMask = 2147483647;
			files = (
			);
			runOnlyForDeploymentPostprocessing = 0;
		};
/* End PBXResourcesBuildPhase section */

/* Begin PBXSourcesBuildPhase section */
		20E76BCE2762429E009F029F /* Sources */ = {
			isa = PBXSourcesBuildPhase;
			buildActionMask = 2147483647;
			files = (
				20E76BD82762429E009F029F /* ContentView.swift in Sources */,
				20E76BD62762429E009F029F /* SinauSwiftYuAiApp.swift in Sources */,
			);
			runOnlyForDeploymentPostprocessing = 0;
		};
		20E76BDF276242A1009F029F /* Sources */ = {
			isa = PBXSourcesBuildPhase;
			buildActionMask = 2147483647;
			files = (
				20E76BE8276242A1009F029F /* SinauSwiftYuAiTests.swift in Sources */,
			);
			runOnlyForDeploymentPostprocessing = 0;
		};
		20E76BEA276242A1009F029F /* Sources */ = {
			isa = PBXSourcesBuildPhase;
			buildActionMask = 2147483647;
			files = (
				20E76BF3276242A1009F029F /* SinauSwiftYuAiUITests.swift in Sources */,
			);
			runOnlyForDeploymentPostprocessing = 0;
		};
/* End PBXSourcesBuildPhase section */

/* Begin PBXTargetDependency section */
		20E76BE5276242A1009F029F /* PBXTargetDependency */ = {
			isa = PBXTargetDependency;
			target = 20E76BD12762429E009F029F /* SinauSwiftYuAi */;
			targetProxy = 20E76BE4276242A1009F029F /* PBXContainerItemProxy */;
		};
		20E76BF0276242A1009F029F /* PBXTargetDependency */ = {
			isa = PBXTargetDependency;
			target = 20E76BD12762429E009F029F /* SinauSwiftYuAi */;
			targetProxy = 20E76BEF276242A1009F029F /* PBXContainerItemProxy */;
		};
/* End PBXTargetDependency section */

/* Begin XCBuildConfiguration section */
		20E76BF5276242A1009F029F /* Debug */ = {
			isa = XCBuildConfiguration;
			buildSettings = {
				ALWAYS_SEARCH_USER_PATHS = NO;
				CLANG_ANALYZER_NONNULL = YES;
				CLANG_ANALYZER_NUMBER_OBJECT_CONVERSION = YES_AGGRESSIVE;
				CLANG_CXX_LANGUAGE_STANDARD = "gnu++14";
				CLANG_CXX_LIBRARY = "libc++";
				CLANG_ENABLE_MODULES = YES;
				CLANG_ENABLE_OBJC_ARC = YES;
				CLANG_ENABLE_OBJC_WEAK = YES;
				CLANG_WARN_BLOCK_CAPTURE_AUTORELEASING = YES;
				CLANG_WARN_BOOL_CONVERSION = YES;
				CLANG_WARN_COMMA = YES;
				CLANG_WARN_CONSTANT_CONVERSION = YES;
				CLANG_WARN_DEPRECATED_OBJC_IMPLEMENTATIONS = YES;
				CLANG_WARN_DIRECT_OBJC_ISA_USAGE = YES_ERROR;
				CLANG_WARN_DOCUMENTATION_COMMENTS = YES;
				CLANG_WARN_EMPTY_BODY = YES;
				CLANG_WARN_ENUM_CONVERSION = YES;
				CLANG_WARN_INFINITE_RECURSION = YES;
				CLANG_WARN_INT_CONVERSION = YES;
				CLANG_WARN_NON_LITERAL_NULL_CONVERSION = YES;
				CLANG_WARN_OBJC_IMPLICIT_RETAIN_SELF = YES;
				CLANG_WARN_OBJC_LITERAL_CONVERSION = YES;
				CLANG_WARN_OBJC_ROOT_CLASS = YES_ERROR;
				CLANG_WARN_QUOTED_INCLUDE_IN_FRAMEWORK_HEADER = YES;
				CLANG_WARN_RANGE_LOOP_ANALYSIS = YES;
				CLANG_WARN_STRICT_PROTOTYPES = YES;
				CLANG_WARN_SUSPICIOUS_MOVE = YES;
				CLANG_WARN_UNGUARDED_AVAILABILITY = YES_AGGRESSIVE;
				CLANG_WARN_UNREACHABLE_CODE = YES;
				CLANG_WARN__DUPLICATE_METHOD_MATCH = YES;
				COPY_PHASE_STRIP = NO;
				DEBUG_INFORMATION_FORMAT = dwarf;
				ENABLE_STRICT_OBJC_MSGSEND = YES;
				ENABLE_TESTABILITY = YES;
				GCC_C_LANGUAGE_STANDARD = gnu11;
				GCC_DYNAMIC_NO_PIC = NO;
				GCC_NO_COMMON_BLOCKS = YES;
				GCC_OPTIMIZATION_LEVEL = 0;
				GCC_PREPROCESSOR_DEFINITIONS = (
					"DEBUG=1",
					"$(inherited)",
				);
				GCC_WARN_64_TO_32_BIT_CONVERSION = YES;
				GCC_WARN_ABOUT_RETURN_TYPE = YES_ERROR;
				GCC_WARN_UNDECLARED_SELECTOR = YES;
				GCC_WARN_UNINITIALIZED_AUTOS = YES_AGGRESSIVE;
				GCC_WARN_UNUSED_FUNCTION = YES;
				GCC_WARN_UNUSED_VARIABLE = YES;
				IPHONEOS_DEPLOYMENT_TARGET = 13.0;
				MTL_ENABLE_DEBUG_INFO = INCLUDE_SOURCE;
				MTL_FAST_MATH = YES;
				ONLY_ACTIVE_ARCH = YES;
				SDKROOT = iphoneos;
				SWIFT_ACTIVE_COMPILATION_CONDITIONS = DEBUG;
				SWIFT_OPTIMIZATION_LEVEL = "-Onone";
			};
			name = Debug;
		};
		20E76BF6276242A1009F029F /* Release */ = {
			isa = XCBuildConfiguration;
			buildSettings = {
				ALWAYS_SEARCH_USER_PATHS = NO;
				CLANG_ANALYZER_NONNULL = YES;
				CLANG_ANALYZER_NUMBER_OBJECT_CONVERSION = YES_AGGRESSIVE;
				CLANG_CXX_LANGUAGE_STANDARD = "gnu++14";
				CLANG_CXX_LIBRARY = "libc++";
				CLANG_ENABLE_MODULES = YES;
				CLANG_ENABLE_OBJC_ARC = YES;
				CLANG_ENABLE_OBJC_WEAK = YES;
				CLANG_WARN_BLOCK_CAPTURE_AUTORELEASING = YES;
				CLANG_WARN_BOOL_CONVERSION = YES;
				CLANG_WARN_COMMA = YES;
				CLANG_WARN_CONSTANT_CONVERSION = YES;
				CLANG_WARN_DEPRECATED_OBJC_IMPLEMENTATIONS = YES;
				CLANG_WARN_DIRECT_OBJC_ISA_USAGE = YES_ERROR;
				CLANG_WARN_DOCUMENTATION_COMMENTS = YES;
				CLANG_WARN_EMPTY_BODY = YES;
				CLANG_WARN_ENUM_CONVERSION = YES;
				CLANG_WARN_INFINITE_RECURSION = YES;
				CLANG_WARN_INT_CONVERSION = YES;
				CLANG_WARN_NON_LITERAL_NULL_CONVERSION = YES;
				CLANG_WARN_OBJC_IMPLICIT_RETAIN_SELF = YES;
				CLANG_WARN_OBJC_LITERAL_CONVERSION = YES;
				CLANG_WARN_OBJC_ROOT_CLASS = YES_ERROR;
				CLANG_WARN_QUOTED_INCLUDE_IN_FRAMEWORK_HEADER = YES;
				CLANG_WARN_RANGE_LOOP_ANALYSIS = YES;
				CLANG_WARN_STRICT_PROTOTYPES = YES;
				CLANG_WARN_SUSPICIOUS_MOVE = YES;
				CLANG_WARN_UNGUARDED_AVAILABILITY = YES_AGGRESSIVE;
				CLANG_WARN_UNREACHABLE_CODE = YES;
				CLANG_WARN__DUPLICATE_METHOD_MATCH = YES;
				COPY_PHASE_STRIP = NO;
				DEBUG_INFORMATION_FORMAT = "dwarf-with-dsym";
				ENABLE_NS_ASSERTIONS = NO;
				ENABLE_STRICT_OBJC_MSGSEND = YES;
				GCC_C_LANGUAGE_STANDARD = gnu11;
				GCC_NO_COMMON_BLOCKS = YES;
				GCC_WARN_64_TO_32_BIT_CONVERSION = YES;
				GCC_WARN_ABOUT_RETURN_TYPE = YES_ERROR;
				GCC_WARN_UNDECLARED_SELECTOR = YES;
				GCC_WARN_UNINITIALIZED_AUTOS = YES_AGGRESSIVE;
				GCC_WARN_UNUSED_FUNCTION = YES;
				GCC_WARN_UNUSED_VARIABLE = YES;
				IPHONEOS_DEPLOYMENT_TARGET = 13.0;
				MTL_ENABLE_DEBUG_INFO = NO;
				MTL_FAST_MATH = YES;
				SDKROOT = iphoneos;
				SWIFT_COMPILATION_MODE = wholemodule;
				SWIFT_OPTIMIZATION_LEVEL = "-O";
				VALIDATE_PRODUCT = YES;
			};
			name = Release;
		};
		20E76BF8276242A1009F029F /* Debug */ = {
			isa = XCBuildConfiguration;
			buildSettings = {
				ASSETCATALOG_COMPILER_APPICON_NAME = AppIcon;
				ASSETCATALOG_COMPILER_GLOBAL_ACCENT_COLOR_NAME = AccentColor;
				CODE_SIGN_STYLE = Automatic;
				DEVELOPMENT_ASSET_PATHS = "\"SinauSwiftYuAi/Preview Content\"";
				ENABLE_PREVIEWS = YES;
				INFOPLIST_FILE = SinauSwiftYuAi/Info.plist;
				IPHONEOS_DEPLOYMENT_TARGET = 14.0;
				LD_RUNPATH_SEARCH_PATHS = (
					"$(inherited)",
					"@executable_path/Frameworks",
				);
				PRODUCT_BUNDLE_IDENTIFIER = com.danielprast.SinauSwiftYuAi;
				PRODUCT_NAME = "$(TARGET_NAME)";
				SWIFT_VERSION = 5.0;
				TARGETED_DEVICE_FAMILY = "1,2";
			};
			name = Debug;
		};
		20E76BF9276242A1009F029F /* Release */ = {
			isa = XCBuildConfiguration;
			buildSettings = {
				ASSETCATALOG_COMPILER_APPICON_NAME = AppIcon;
				ASSETCATALOG_COMPILER_GLOBAL_ACCENT_COLOR_NAME = AccentColor;
				CODE_SIGN_STYLE = Automatic;
				DEVELOPMENT_ASSET_PATHS = "\"SinauSwiftYuAi/Preview Content\"";
				ENABLE_PREVIEWS = YES;
				INFOPLIST_FILE = SinauSwiftYuAi/Info.plist;
				IPHONEOS_DEPLOYMENT_TARGET = 14.0;
				LD_RUNPATH_SEARCH_PATHS = (
					"$(inherited)",
					"@executable_path/Frameworks",
				);
				PRODUCT_BUNDLE_IDENTIFIER = com.danielprast.SinauSwiftYuAi;
				PRODUCT_NAME = "$(TARGET_NAME)";
				SWIFT_VERSION = 5.0;
				TARGETED_DEVICE_FAMILY = "1,2";
			};
			name = Release;
		};
		20E76BFB276242A1009F029F /* Debug */ = {
			isa = XCBuildConfiguration;
			buildSettings = {
				ALWAYS_EMBED_SWIFT_STANDARD_LIBRARIES = YES;
				BUNDLE_LOADER = "$(TEST_HOST)";
				CODE_SIGN_STYLE = Automatic;
				INFOPLIST_FILE = SinauSwiftYuAiTests/Info.plist;
				IPHONEOS_DEPLOYMENT_TARGET = 14.0;
				LD_RUNPATH_SEARCH_PATHS = (
					"$(inherited)",
					"@executable_path/Frameworks",
					"@loader_path/Frameworks",
				);
				PRODUCT_BUNDLE_IDENTIFIER = com.danielprast.SinauSwiftYuAiTests;
				PRODUCT_NAME = "$(TARGET_NAME)";
				SWIFT_VERSION = 5.0;
				TARGETED_DEVICE_FAMILY = "1,2";
				TEST_HOST = "$(BUILT_PRODUCTS_DIR)/SinauSwiftYuAi.app/SinauSwiftYuAi";
			};
			name = Debug;
		};
		20E76BFC276242A1009F029F /* Release */ = {
			isa = XCBuildConfiguration;
			buildSettings = {
				ALWAYS_EMBED_SWIFT_STANDARD_LIBRARIES = YES;
				BUNDLE_LOADER = "$(TEST_HOST)";
				CODE_SIGN_STYLE = Automatic;
				INFOPLIST_FILE = SinauSwiftYuAiTests/Info.plist;
				IPHONEOS_DEPLOYMENT_TARGET = 14.0;
				LD_RUNPATH_SEARCH_PATHS = (
					"$(inherited)",
					"@executable_path/Frameworks",
					"@loader_path/Frameworks",
				);
				PRODUCT_BUNDLE_IDENTIFIER = com.danielprast.SinauSwiftYuAiTests;
				PRODUCT_NAME = "$(TARGET_NAME)";
				SWIFT_VERSION = 5.0;
				TARGETED_DEVICE_FAMILY = "1,2";
				TEST_HOST = "$(BUILT_PRODUCTS_DIR)/SinauSwiftYuAi.app/SinauSwiftYuAi";
			};
			name = Release;
		};
		20E76BFE276242A1009F029F /* Debug */ = {
			isa = XCBuildConfiguration;
			buildSettings = {
				ALWAYS_EMBED_SWIFT_STANDARD_LIBRARIES = YES;
				CODE_SIGN_STYLE = Automatic;
				INFOPLIST_FILE = SinauSwiftYuAiUITests/Info.plist;
				LD_RUNPATH_SEARCH_PATHS = (
					"$(inherited)",
					"@executable_path/Frameworks",
					"@loader_path/Frameworks",
				);
				PRODUCT_BUNDLE_IDENTIFIER = com.danielprast.SinauSwiftYuAiUITests;
				PRODUCT_NAME = "$(TARGET_NAME)";
				SWIFT_VERSION = 5.0;
				TARGETED_DEVICE_FAMILY = "1,2";
				TEST_TARGET_NAME = SinauSwiftYuAi;
			};
			name = Debug;
		};
		20E76BFF276242A1009F029F /* Release */ = {
			isa = XCBuildConfiguration;
			buildSettings = {
				ALWAYS_EMBED_SWIFT_STANDARD_LIBRARIES = YES;
				CODE_SIGN_STYLE = Automatic;
				INFOPLIST_FILE = SinauSwiftYuAiUITests/Info.plist;
				LD_RUNPATH_SEARCH_PATHS = (
					"$(inherited)",
					"@executable_path/Frameworks",
					"@loader_path/Frameworks",
				);
				PRODUCT_BUNDLE_IDENTIFIER = com.danielprast.SinauSwiftYuAiUITests;
				PRODUCT_NAME = "$(TARGET_NAME)";
				SWIFT_VERSION = 5.0;
				TARGETED_DEVICE_FAMILY = "1,2";
				TEST_TARGET_NAME = SinauSwiftYuAi;
			};
			name = Release;
		};
/* End XCBuildConfiguration section */

/* Begin XCConfigurationList section */
		20E76BCD2762429E009F029F /* Build configuration list for PBXProject "SinauSwiftYuAi" */ = {
			isa = XCConfigurationList;
			buildConfigurations = (
				20E76BF5276242A1009F029F /* Debug */,
				20E76BF6276242A1009F029F /* Release */,
			);
			defaultConfigurationIsVisible = 0;
			defaultConfigurationName = Release;
		};
		20E76BF7276242A1009F029F /* Build configuration list for PBXNativeTarget "SinauSwiftYuAi" */ = {
			isa = XCConfigurationList;
			buildConfigurations = (
				20E76BF8276242A1009F029F /* Debug */,
				20E76BF9276242A1009F029F /* Release */,
			);
			defaultConfigurationIsVisible = 0;
			defaultConfigurationName = Release;
		};
		20E76BFA276242A1009F029F /* Build configuration list for PBXNativeTarget "SinauSwiftYuAiTests" */ = {
			isa = XCConfigurationList;
			buildConfigurations = (
				20E76BFB276242A1009F029F /* Debug */,
				20E76BFC276242A1009F029F /* Release */,
			);
			defaultConfigurationIsVisible = 0;
			defaultConfigurationName = Release;
		};
		20E76BFD276242A1009F029F /* Build configuration list for PBXNativeTarget "SinauSwiftYuAiUITests" */ = {
			isa = XCConfigurationList;
			buildConfigurations = (
				20E76BFE276242A1009F029F /* Debug */,
				20E76BFF276242A1009F029F /* Release */,
			);
			defaultConfigurationIsVisible = 0;
			defaultConfigurationName = Release;
		};
/* End XCConfigurationList section */
	};
	rootObject = 20E76BCA2762429E009F029F /* Project object */;
}
